<?xml version="1.0" encoding="UTF-8" standalone="yes" ?>
<CodeBlocks_project_file>
	<FileVersion major="1" minor="6" />
	<Project>
		<Option title="ID_Project" />
		<Option pch_mode="2" />
		<Option compiler="gcc" />
		<Build>
			<Target title="Debug">
				<Option output="bin/Debug/ID_Project" prefix_auto="1" extension_auto="1" />
				<Option object_output="obj/Debug/" />
				<Option type="1" />
				<Option compiler="gcc" />
				<Compiler>
					<Add option="-g" />
				</Compiler>
			</Target>
			<Environment>
				<Variable name="CV_VERSION" value="2410" />
			</Environment>
		</Build>
		<Compiler>
			<Add directory="D:/Program Files/opencv/build/include" />
		</Compiler>
		<Linker>
			<Add library="opencv_imgproc$(CV_VERSION).dll" />
			<Add library="opencv_core$(CV_VERSION).dll" />
			<Add library="opencv_highgui$(CV_VERSION).dll" />
			<Add directory="D:/Program Files/opencv/build/x86/mingw/lib" />
			<Add directory="D:/Program Files/opencv/build/x86/mingw/bin" />
		</Linker>
		<Unit filename="Pic.cpp" />
		<Unit filename="Pic.h" />
		<Unit filename="main.cpp" />
		<Extensions>
			<code_completion />
			<envvars />
			<debugger />
		</Extensions>
	</Project>
</CodeBlocks_project_file>
